
Microsoft Visual Studio Solution File, Format Version 12.00
# Visual Studio Version 16
VisualStudioVersion = 16.0.29728.190
MinimumVisualStudioVersion = 10.0.40219.1
Project("{FAE04EC0-301F-11D3-BF4B-00C04F79EFBC}") = "ShoppingList2", "ShoppingList2\ShoppingList2.csproj", "{60C45C32-F01E-46BA-BD36-06AA8549A547}"
EndProject
Global
	GlobalSection(SolutionConfigurationPlatforms) = preSolution
		Debug|Any CPU = Debug|Any CPU
		Release|Any CPU = Release|Any CPU
	EndGlobalSection
	GlobalSection(ProjectConfigurationPlatforms) = postSolution
		{60C45C32-F01E-46BA-BD36-06AA8549A547}.Debug|Any CPU.ActiveCfg = Debug|Any CPU
		{60C45C32-F01E-46BA-BD36-06AA8549A547}.Debug|Any CPU.Build.0 = Debug|Any CPU
		{60C45C32-F01E-46BA-BD36-06AA8549A547}.Release|Any CPU.ActiveCfg = Release|Any CPU
		{60C45C32-F01E-46BA-BD36-06AA8549A547}.Release|Any CPU.Build.0 = Release|Any CPU
	EndGlobalSection
	GlobalSection(SolutionProperties) = preSolution
		HideSolutionNode = FALSE
	EndGlobalSection
	GlobalSection(ExtensibilityGlobals) = postSolution
		SolutionGuid = {3C794A42-9523-4312-AFC3-AD8869172C5A}
	EndGlobalSection
EndGlobal
